
Microsoft Visual Studio Solution File, Format Version 12.00
# Visual Studio Version 17
VisualStudioVersion = 17.13.35828.75 d17.13
MinimumVisualStudioVersion = 10.0.40219.1
Project("{FAE04EC0-301F-11D3-BF4B-00C04F79EFBC}") = "WinFormsApp1", "WinFormsApp1\WinFormsApp1.csproj", "{A5629926-3D11-46A6-B509-1BBDFE0BEC11}"
EndProject
Global
	GlobalSection(SolutionConfigurationPlatforms) = preSolution
		Debug|Any CPU = Debug|Any CPU
		Release|Any CPU = Release|Any CPU
	EndGlobalSection
	GlobalSection(ProjectConfigurationPlatforms) = postSolution
		{A5629926-3D11-46A6-B509-1BBDFE0BEC11}.Debug|Any CPU.ActiveCfg = Debug|Any CPU
		{A5629926-3D11-46A6-B509-1BBDFE0BEC11}.Debug|Any CPU.Build.0 = Debug|Any CPU
		{A5629926-3D11-46A6-B509-1BBDFE0BEC11}.Release|Any CPU.ActiveCfg = Release|Any CPU
		{A5629926-3D11-46A6-B509-1BBDFE0BEC11}.Release|Any CPU.Build.0 = Release|Any CPU
	EndGlobalSection
	GlobalSection(SolutionProperties) = preSolution
		HideSolutionNode = FALSE
	EndGlobalSection
	GlobalSection(ExtensibilityGlobals) = postSolution
		SolutionGuid = {8A6797D6-4A7B-430A-B911-1230EBC3CF31}
	EndGlobalSection
EndGlobal
